
Microsoft Visual Studio Solution File, Format Version 12.00
# Visual Studio Version 17
VisualStudioVersion = 17.8.34322.80
MinimumVisualStudioVersion = 10.0.40219.1
Project("{FAE04EC0-301F-11D3-BF4B-00C04F79EFBC}") = "EU4-Trade-Calc", "EU4-Trade-Calc\EU4-Trade-Calc.csproj", "{52743B6E-33F9-4801-B022-E5FEA04C0853}"
EndProject
Global
	GlobalSection(SolutionConfigurationPlatforms) = preSolution
		Debug|Any CPU = Debug|Any CPU
		Release|Any CPU = Release|Any CPU
	EndGlobalSection
	GlobalSection(ProjectConfigurationPlatforms) = postSolution
		{52743B6E-33F9-4801-B022-E5FEA04C0853}.Debug|Any CPU.ActiveCfg = Debug|Any CPU
		{52743B6E-33F9-4801-B022-E5FEA04C0853}.Debug|Any CPU.Build.0 = Debug|Any CPU
		{52743B6E-33F9-4801-B022-E5FEA04C0853}.Release|Any CPU.ActiveCfg = Release|Any CPU
		{52743B6E-33F9-4801-B022-E5FEA04C0853}.Release|Any CPU.Build.0 = Release|Any CPU
	EndGlobalSection
	GlobalSection(SolutionProperties) = preSolution
		HideSolutionNode = FALSE
	EndGlobalSection
	GlobalSection(ExtensibilityGlobals) = postSolution
		SolutionGuid = {1E7CF772-F64D-4297-A46D-E47327568135}
	EndGlobalSection
EndGlobal
